
Microsoft Visual Studio Solution File, Format Version 12.00
# Visual Studio Version 17
VisualStudioVersion = 17.7.34018.315
MinimumVisualStudioVersion = 10.0.40219.1
Project("{FAE04EC0-301F-11D3-BF4B-00C04F79EFBC}") = "testeapi", "testeapi.csproj", "{988E82AA-3329-4743-B6F1-7DCF4E6133E8}"
EndProject
Global
	GlobalSection(SolutionConfigurationPlatforms) = preSolution
		Debug|Any CPU = Debug|Any CPU
		Release|Any CPU = Release|Any CPU
	EndGlobalSection
	GlobalSection(ProjectConfigurationPlatforms) = postSolution
		{988E82AA-3329-4743-B6F1-7DCF4E6133E8}.Debug|Any CPU.ActiveCfg = Debug|Any CPU
		{988E82AA-3329-4743-B6F1-7DCF4E6133E8}.Debug|Any CPU.Build.0 = Debug|Any CPU
		{988E82AA-3329-4743-B6F1-7DCF4E6133E8}.Release|Any CPU.ActiveCfg = Release|Any CPU
		{988E82AA-3329-4743-B6F1-7DCF4E6133E8}.Release|Any CPU.Build.0 = Release|Any CPU
	EndGlobalSection
	GlobalSection(SolutionProperties) = preSolution
		HideSolutionNode = FALSE
	EndGlobalSection
	GlobalSection(ExtensibilityGlobals) = postSolution
		SolutionGuid = {B0421EB4-D60A-4FAE-8FC1-2E2C323C1CA3}
	EndGlobalSection
EndGlobal
